
Microsoft Visual Studio Solution File, Format Version 12.00
# Visual Studio Version 16
VisualStudioVersion = 16.0.30517.126
MinimumVisualStudioVersion = 10.0.40219.1
Project("{9A19103F-16F7-4668-BE54-9A1E7A4F7556}") = "BK9K.Framework", "BK9K.Framework\BK9K.Framework.csproj", "{C458D2AD-95BF-497F-AF66-6FF023DD1911}"
EndProject
Project("{FAE04EC0-301F-11D3-BF4B-00C04F79EFBC}") = "BK9K.Web", "BK9K.Web\BK9K.Web.csproj", "{D1C98840-BAD1-4A76-BA35-B4F3AADCEDA1}"
EndProject
Global
	GlobalSection(SolutionConfigurationPlatforms) = preSolution
		Debug|Any CPU = Debug|Any CPU
		Release|Any CPU = Release|Any CPU
	EndGlobalSection
	GlobalSection(ProjectConfigurationPlatforms) = postSolution
		{C458D2AD-95BF-497F-AF66-6FF023DD1911}.Debug|Any CPU.ActiveCfg = Debug|Any CPU
		{C458D2AD-95BF-497F-AF66-6FF023DD1911}.Debug|Any CPU.Build.0 = Debug|Any CPU
		{C458D2AD-95BF-497F-AF66-6FF023DD1911}.Release|Any CPU.ActiveCfg = Release|Any CPU
		{C458D2AD-95BF-497F-AF66-6FF023DD1911}.Release|Any CPU.Build.0 = Release|Any CPU
		{D1C98840-BAD1-4A76-BA35-B4F3AADCEDA1}.Debug|Any CPU.ActiveCfg = Debug|Any CPU
		{D1C98840-BAD1-4A76-BA35-B4F3AADCEDA1}.Debug|Any CPU.Build.0 = Debug|Any CPU
		{D1C98840-BAD1-4A76-BA35-B4F3AADCEDA1}.Release|Any CPU.ActiveCfg = Release|Any CPU
		{D1C98840-BAD1-4A76-BA35-B4F3AADCEDA1}.Release|Any CPU.Build.0 = Release|Any CPU
	EndGlobalSection
	GlobalSection(SolutionProperties) = preSolution
		HideSolutionNode = FALSE
	EndGlobalSection
	GlobalSection(ExtensibilityGlobals) = postSolution
		SolutionGuid = {657D121A-EBA5-42C7-A498-F2E68ABBBAD3}
	EndGlobalSection
EndGlobal
