
Microsoft Visual Studio Solution File, Format Version 12.00
# Visual Studio Version 16
VisualStudioVersion = 16.0.30517.126
MinimumVisualStudioVersion = 10.0.40219.1
Project("{9A19103F-16F7-4668-BE54-9A1E7A4F7556}") = "BK9K.Web", "BK9K.Web\BK9K.Web.csproj", "{F45CEEE1-EE1B-4A37-BCDD-32248AEBD84C}"
EndProject
Project("{9A19103F-16F7-4668-BE54-9A1E7A4F7556}") = "BK9K.Game", "BK9K.Game\BK9K.Game.csproj", "{1D9737FB-59B8-4EFB-B54F-BBFF71B0FBBC}"
EndProject
Project("{9A19103F-16F7-4668-BE54-9A1E7A4F7556}") = "BK9K.Mechanics", "BK9K.Mechanics\BK9K.Mechanics.csproj", "{BA57F633-2B2D-4F96-8C78-ED58831E9AC8}"
EndProject
Project("{9A19103F-16F7-4668-BE54-9A1E7A4F7556}") = "BK9K.Game.Data", "BK9K.Game.Data\BK9K.Game.Data.csproj", "{DB9B4D45-0266-4B2D-86DD-3611EFFD0B21}"
EndProject
Project("{FAE04EC0-301F-11D3-BF4B-00C04F79EFBC}") = "BK9K.UAI", "BK9K.UAI\BK9K.UAI.csproj", "{4A392014-71B9-42D9-AF04-A94176761661}"
EndProject
Project("{2150E333-8FDC-42A3-9474-1A3956D46DE8}") = "Apps", "Apps", "{0F9C6853-4BC2-4C85-986D-2D9C43A93612}"
EndProject
Global
	GlobalSection(SolutionConfigurationPlatforms) = preSolution
		Debug|Any CPU = Debug|Any CPU
		Release|Any CPU = Release|Any CPU
	EndGlobalSection
	GlobalSection(ProjectConfigurationPlatforms) = postSolution
		{F45CEEE1-EE1B-4A37-BCDD-32248AEBD84C}.Debug|Any CPU.ActiveCfg = Debug|Any CPU
		{F45CEEE1-EE1B-4A37-BCDD-32248AEBD84C}.Debug|Any CPU.Build.0 = Debug|Any CPU
		{F45CEEE1-EE1B-4A37-BCDD-32248AEBD84C}.Release|Any CPU.ActiveCfg = Release|Any CPU
		{F45CEEE1-EE1B-4A37-BCDD-32248AEBD84C}.Release|Any CPU.Build.0 = Release|Any CPU
		{1D9737FB-59B8-4EFB-B54F-BBFF71B0FBBC}.Debug|Any CPU.ActiveCfg = Debug|Any CPU
		{1D9737FB-59B8-4EFB-B54F-BBFF71B0FBBC}.Debug|Any CPU.Build.0 = Debug|Any CPU
		{1D9737FB-59B8-4EFB-B54F-BBFF71B0FBBC}.Release|Any CPU.ActiveCfg = Release|Any CPU
		{1D9737FB-59B8-4EFB-B54F-BBFF71B0FBBC}.Release|Any CPU.Build.0 = Release|Any CPU
		{BA57F633-2B2D-4F96-8C78-ED58831E9AC8}.Debug|Any CPU.ActiveCfg = Debug|Any CPU
		{BA57F633-2B2D-4F96-8C78-ED58831E9AC8}.Debug|Any CPU.Build.0 = Debug|Any CPU
		{BA57F633-2B2D-4F96-8C78-ED58831E9AC8}.Release|Any CPU.ActiveCfg = Release|Any CPU
		{BA57F633-2B2D-4F96-8C78-ED58831E9AC8}.Release|Any CPU.Build.0 = Release|Any CPU
		{DB9B4D45-0266-4B2D-86DD-3611EFFD0B21}.Debug|Any CPU.ActiveCfg = Debug|Any CPU
		{DB9B4D45-0266-4B2D-86DD-3611EFFD0B21}.Debug|Any CPU.Build.0 = Debug|Any CPU
		{DB9B4D45-0266-4B2D-86DD-3611EFFD0B21}.Release|Any CPU.ActiveCfg = Release|Any CPU
		{DB9B4D45-0266-4B2D-86DD-3611EFFD0B21}.Release|Any CPU.Build.0 = Release|Any CPU
		{4A392014-71B9-42D9-AF04-A94176761661}.Debug|Any CPU.ActiveCfg = Debug|Any CPU
		{4A392014-71B9-42D9-AF04-A94176761661}.Debug|Any CPU.Build.0 = Debug|Any CPU
		{4A392014-71B9-42D9-AF04-A94176761661}.Release|Any CPU.ActiveCfg = Release|Any CPU
		{4A392014-71B9-42D9-AF04-A94176761661}.Release|Any CPU.Build.0 = Release|Any CPU
	EndGlobalSection
	GlobalSection(SolutionProperties) = preSolution
		HideSolutionNode = FALSE
	EndGlobalSection
	GlobalSection(ExtensibilityGlobals) = postSolution
		SolutionGuid = {657D121A-EBA5-42C7-A498-F2E68ABBBAD3}
	EndGlobalSection
	GlobalSection(NestedProjects) = preSolution
		{F45CEEE1-EE1B-4A37-BCDD-32248AEBD84C} = {0F9C6853-4BC2-4C85-986D-2D9C43A93612}
	EndGlobalSection
EndGlobal
